Microsoft Visual Studio Solution File, Format Version 11.00
# Visual Studio 2008

Project("{CF0FDB79-3369-25A8-E3B0-756647673CFA}") = "Marimba", "Assembly-CSharp-firstpass.csproj", "{27DC6D4B-5FFD-CFDF-10A1-C7AD673E5DA2}"
EndProject
Project("{CF0FDB79-3369-25A8-E3B0-756647673CFA}") = "Marimba", "Assembly-CSharp.csproj", "{A60FEC01-3265-18A9-8BC7-022534CE9FBD}"
EndProject
Project("{CF0FDB79-3369-25A8-E3B0-756647673CFA}") = "Marimba", "Assembly-CSharp-Editor.csproj", "{C8D3BF0B-CBDA-6C7B-C3BB-816996366C2B}"
EndProject
Global
	GlobalSection(SolutionConfigurationPlatforms) = preSolution
		Debug|Any CPU = Debug|Any CPU
		Release|Any CPU = Release|Any CPU
	EndGlobalSection
	GlobalSection(ProjectConfigurationPlatforms) = postSolution
		{27DC6D4B-5FFD-CFDF-10A1-C7AD673E5DA2}.Debug|Any CPU.ActiveCfg = Debug|Any CPU
		{27DC6D4B-5FFD-CFDF-10A1-C7AD673E5DA2}.Debug|Any CPU.Build.0 = Debug|Any CPU
		{27DC6D4B-5FFD-CFDF-10A1-C7AD673E5DA2}.Release|Any CPU.ActiveCfg = Release|Any CPU
		{27DC6D4B-5FFD-CFDF-10A1-C7AD673E5DA2}.Release|Any CPU.Build.0 = Release|Any CPU
		{A60FEC01-3265-18A9-8BC7-022534CE9FBD}.Debug|Any CPU.ActiveCfg = Debug|Any CPU
		{A60FEC01-3265-18A9-8BC7-022534CE9FBD}.Debug|Any CPU.Build.0 = Debug|Any CPU
		{A60FEC01-3265-18A9-8BC7-022534CE9FBD}.Release|Any CPU.ActiveCfg = Release|Any CPU
		{A60FEC01-3265-18A9-8BC7-022534CE9FBD}.Release|Any CPU.Build.0 = Release|Any CPU
		{C8D3BF0B-CBDA-6C7B-C3BB-816996366C2B}.Debug|Any CPU.ActiveCfg = Debug|Any CPU
		{C8D3BF0B-CBDA-6C7B-C3BB-816996366C2B}.Debug|Any CPU.Build.0 = Debug|Any CPU
		{C8D3BF0B-CBDA-6C7B-C3BB-816996366C2B}.Release|Any CPU.ActiveCfg = Release|Any CPU
		{C8D3BF0B-CBDA-6C7B-C3BB-816996366C2B}.Release|Any CPU.Build.0 = Release|Any CPU
	EndGlobalSection
	GlobalSection(SolutionProperties) = preSolution
		HideSolutionNode = FALSE
	EndGlobalSection
	GlobalSection(MonoDevelopProperties) = preSolution
		StartupItem = Assembly-CSharp.csproj
	EndGlobalSection
EndGlobal
